Microsoft Visual Studio Solution File, Format Version 12.00
# Visual Studio Version 16
VisualStudioVersion = 16.0.29911.84
MinimumVisualStudioVersion = 10.0.40219.1
Project("{F184B08F-C81C-45F6-A57F-5ABD9991F28F}") = "MPR.SMS", "MPR.SMS\MPR.SMS.vbproj", "{20E36ED4-716E-439A-A439-C2911C8B4261}"
	ProjectSection(ProjectDependencies) = postProject
		{9EAEEA05-7AE2-4889-AC2E-15B3AEA8CF15} = {9EAEEA05-7AE2-4889-AC2E-15B3AEA8CF15}
	EndProjectSection
EndProject
Project("{F184B08F-C81C-45F6-A57F-5ABD9991F28F}") = "MPR.SMS.Data", "MPR.SMS.Data\MPR.SMS.Data.vbproj", "{085C2B48-648E-4ED3-90FF-F005272E70D7}"
EndProject
Project("{F184B08F-C81C-45F6-A57F-5ABD9991F28F}") = "MPR.SMS.CaseManagement", "MPR.SMS.CaseManagement\MPR.SMS.CaseManagement.vbproj", "{372FCE99-3A59-4E42-A0D1-68C88513AE3F}"
EndProject
Project("{F184B08F-C81C-45F6-A57F-5ABD9991F28F}") = "MPR.SMS.UserControls", "MPR.SMS.UserControls\MPR.SMS.UserControls.vbproj", "{6DFF75C8-35F9-44C1-9778-714A92CA6120}"
EndProject
Project("{F184B08F-C81C-45F6-A57F-5ABD9991F28F}") = "MPR.SMS.Locating", "MPR.SMS.Locating\MPR.SMS.Locating.vbproj", "{7E799E2F-4DFA-4892-B366-15F25868BAD2}"
EndProject
Project("{F184B08F-C81C-45F6-A57F-5ABD9991F28F}") = "MPR.SMS.DataQuality", "MPR.SMS.DataQuality\MPR.SMS.DataQuality.vbproj", "{9EAEEA05-7AE2-4889-AC2E-15B3AEA8CF15}"
EndProject
Project("{FAE04EC0-301F-11D3-BF4B-00C04F79EFBC}") = "ConfirmitAPI", "StatusReconciler\ConfirmitAPI.csproj", "{22424EFB-A82F-4B06-84BA-E2CFF7B1CADB}"
EndProject
Project("{F184B08F-C81C-45F6-A57F-5ABD9991F28F}") = "MPR.SMS.FSM", "MPR.SMS.FSM\MPR.SMS.FSM.vbproj", "{C75D5B73-8135-46EA-96AC-4C8FB3209000}"
	ProjectSection(ProjectDependencies) = postProject
		{9EAEEA05-7AE2-4889-AC2E-15B3AEA8CF15} = {9EAEEA05-7AE2-4889-AC2E-15B3AEA8CF15}
		{085C2B48-648E-4ED3-90FF-F005272E70D7} = {085C2B48-648E-4ED3-90FF-F005272E70D7}
		{6DFF75C8-35F9-44C1-9778-714A92CA6120} = {6DFF75C8-35F9-44C1-9778-714A92CA6120}
	EndProjectSection
EndProject
Project("{F14B399A-7131-4C87-9E4B-1186C45EF12D}") = "MPR.SMS.SSRSDocuments", "MPR.SMS.SSRSDocuments\MPR.SMS.SSRSDocuments.rptproj", "{FE0F0F4F-699B-4B4C-9B19-0855BDC5D5B0}"
EndProject
Project("{F14B399A-7131-4C87-9E4B-1186C45EF12D}") = "MPR.SMS.SSRSReports", "MPR.SMS.SSRSReports\MPR.SMS.SSRSReports.rptproj", "{8953988E-7535-46CE-803C-1AEC6792336F}"
EndProject
Project("{F184B08F-C81C-45F6-A57F-5ABD9991F28F}") = "MPR.SMS.MailMerge", "MPR.SMS.MailMerge\MPR.SMS.MailMerge.vbproj", "{B85A4808-8AF6-43D2-B7AB-99B3A0EF76C3}"
EndProject
Global
	GlobalSection(SolutionConfigurationPlatforms) = preSolution
		Debug|.NET = Debug|.NET
		Debug|Any CPU = Debug|Any CPU
		Debug|Mixed Platforms = Debug|Mixed Platforms
		Debug|x86 = Debug|x86
		DebugLocal|.NET = DebugLocal|.NET
		DebugLocal|Any CPU = DebugLocal|Any CPU
		DebugLocal|Mixed Platforms = DebugLocal|Mixed Platforms
		DebugLocal|x86 = DebugLocal|x86
		Development|.NET = Development|.NET
		Development|Any CPU = Development|Any CPU
		Development|Mixed Platforms = Development|Mixed Platforms
		Development|x86 = Development|x86
		Release|.NET = Release|.NET
		Release|Any CPU = Release|Any CPU
		Release|Mixed Platforms = Release|Mixed Platforms
		Release|x86 = Release|x86
	EndGlobalSection
	GlobalSection(ProjectConfigurationPlatforms) = postSolution
		{20E36ED4-716E-439A-A439-C2911C8B4261}.Debug|.NET.ActiveCfg = Debug|Any CPU
		{20E36ED4-716E-439A-A439-C2911C8B4261}.Debug|Any CPU.ActiveCfg = Debug|Any CPU
		{20E36ED4-716E-439A-A439-C2911C8B4261}.Debug|Any CPU.Build.0 = Debug|Any CPU
		{20E36ED4-716E-439A-A439-C2911C8B4261}.Debug|Mixed Platforms.ActiveCfg = Debug|Any CPU
		{20E36ED4-716E-439A-A439-C2911C8B4261}.Debug|Mixed Platforms.Build.0 = Debug|Any CPU
		{20E36ED4-716E-439A-A439-C2911C8B4261}.Debug|x86.ActiveCfg = Debug|Any CPU
		{20E36ED4-716E-439A-A439-C2911C8B4261}.DebugLocal|.NET.ActiveCfg = Debug|Any CPU
		{20E36ED4-716E-439A-A439-C2911C8B4261}.DebugLocal|Any CPU.ActiveCfg = Debug|Any CPU
		{20E36ED4-716E-439A-A439-C2911C8B4261}.DebugLocal|Any CPU.Build.0 = Debug|Any CPU
		{20E36ED4-716E-439A-A439-C2911C8B4261}.DebugLocal|Mixed Platforms.ActiveCfg = Debug|Any CPU
		{20E36ED4-716E-439A-A439-C2911C8B4261}.DebugLocal|Mixed Platforms.Build.0 = Debug|Any CPU
		{20E36ED4-716E-439A-A439-C2911C8B4261}.DebugLocal|x86.ActiveCfg = Debug|Any CPU
		{20E36ED4-716E-439A-A439-C2911C8B4261}.Development|.NET.ActiveCfg = Debug|Any CPU
		{20E36ED4-716E-439A-A439-C2911C8B4261}.Development|Any CPU.ActiveCfg = Debug|Any CPU
		{20E36ED4-716E-439A-A439-C2911C8B4261}.Development|Any CPU.Build.0 = Debug|Any CPU
		{20E36ED4-716E-439A-A439-C2911C8B4261}.Development|Mixed Platforms.ActiveCfg = Debug|Any CPU
		{20E36ED4-716E-439A-A439-C2911C8B4261}.Development|Mixed Platforms.Build.0 = Debug|Any CPU
		{20E36ED4-716E-439A-A439-C2911C8B4261}.Development|x86.ActiveCfg = Debug|Any CPU
		{20E36ED4-716E-439A-A439-C2911C8B4261}.Release|.NET.ActiveCfg = Release|Any CPU
		{20E36ED4-716E-439A-A439-C2911C8B4261}.Release|Any CPU.ActiveCfg = Debug|Any CPU
		{20E36ED4-716E-439A-A439-C2911C8B4261}.Release|Any CPU.Build.0 = Debug|Any CPU
		{20E36ED4-716E-439A-A439-C2911C8B4261}.Release|Mixed Platforms.ActiveCfg = Release|Any CPU
		{20E36ED4-716E-439A-A439-C2911C8B4261}.Release|Mixed Platforms.Build.0 = Release|Any CPU
		{20E36ED4-716E-439A-A439-C2911C8B4261}.Release|x86.ActiveCfg = Release|Any CPU
		{085C2B48-648E-4ED3-90FF-F005272E70D7}.Debug|.NET.ActiveCfg = Debug|Any CPU
		{085C2B48-648E-4ED3-90FF-F005272E70D7}.Debug|Any CPU.ActiveCfg = Debug|Any CPU
		{085C2B48-648E-4ED3-90FF-F005272E70D7}.Debug|Any CPU.Build.0 = Debug|Any CPU
		{085C2B48-648E-4ED3-90FF-F005272E70D7}.Debug|Mixed Platforms.ActiveCfg = Debug|Any CPU
		{085C2B48-648E-4ED3-90FF-F005272E70D7}.Debug|Mixed Platforms.Build.0 = Debug|Any CPU
		{085C2B48-648E-4ED3-90FF-F005272E70D7}.Debug|x86.ActiveCfg = Debug|Any CPU
		{085C2B48-648E-4ED3-90FF-F005272E70D7}.DebugLocal|.NET.ActiveCfg = Debug|Any CPU
		{085C2B48-648E-4ED3-90FF-F005272E70D7}.DebugLocal|Any CPU.ActiveCfg = Debug|Any CPU
		{085C2B48-648E-4ED3-90FF-F005272E70D7}.DebugLocal|Any CPU.Build.0 = Debug|Any CPU
		{085C2B48-648E-4ED3-90FF-F005272E70D7}.DebugLocal|Mixed Platforms.ActiveCfg = Debug|Any CPU
		{085C2B48-648E-4ED3-90FF-F005272E70D7}.DebugLocal|Mixed Platforms.Build.0 = Debug|Any CPU
		{085C2B48-648E-4ED3-90FF-F005272E70D7}.DebugLocal|x86.ActiveCfg = Debug|Any CPU
		{085C2B48-648E-4ED3-90FF-F005272E70D7}.Development|.NET.ActiveCfg = Debug|Any CPU
		{085C2B48-648E-4ED3-90FF-F005272E70D7}.Development|Any CPU.ActiveCfg = Debug|Any CPU
		{085C2B48-648E-4ED3-90FF-F005272E70D7}.Development|Any CPU.Build.0 = Debug|Any CPU
		{085C2B48-648E-4ED3-90FF-F005272E70D7}.Development|Mixed Platforms.ActiveCfg = Debug|Any CPU
		{085C2B48-648E-4ED3-90FF-F005272E70D7}.Development|Mixed Platforms.Build.0 = Debug|Any CPU
		{085C2B48-648E-4ED3-90FF-F005272E70D7}.Development|x86.ActiveCfg = Debug|Any CPU
		{085C2B48-648E-4ED3-90FF-F005272E70D7}.Release|.NET.ActiveCfg = Release|Any CPU
		{085C2B48-648E-4ED3-90FF-F005272E70D7}.Release|Any CPU.ActiveCfg = Debug|Any CPU
		{085C2B48-648E-4ED3-90FF-F005272E70D7}.Release|Any CPU.Build.0 = Debug|Any CPU
		{085C2B48-648E-4ED3-90FF-F005272E70D7}.Release|Mixed Platforms.ActiveCfg = Release|Any CPU
		{085C2B48-648E-4ED3-90FF-F005272E70D7}.Release|Mixed Platforms.Build.0 = Release|Any CPU
		{085C2B48-648E-4ED3-90FF-F005272E70D7}.Release|x86.ActiveCfg = Release|Any CPU
		{372FCE99-3A59-4E42-A0D1-68C88513AE3F}.Debug|.NET.ActiveCfg = Debug|Any CPU
		{372FCE99-3A59-4E42-A0D1-68C88513AE3F}.Debug|Any CPU.ActiveCfg = Debug|Any CPU
		{372FCE99-3A59-4E42-A0D1-68C88513AE3F}.Debug|Any CPU.Build.0 = Debug|Any CPU
		{372FCE99-3A59-4E42-A0D1-68C88513AE3F}.Debug|Mixed Platforms.ActiveCfg = Debug|Any CPU
		{372FCE99-3A59-4E42-A0D1-68C88513AE3F}.Debug|Mixed Platforms.Build.0 = Debug|Any CPU
		{372FCE99-3A59-4E42-A0D1-68C88513AE3F}.Debug|x86.ActiveCfg = Debug|Any CPU
		{372FCE99-3A59-4E42-A0D1-68C88513AE3F}.DebugLocal|.NET.ActiveCfg = Debug|Any CPU
		{372FCE99-3A59-4E42-A0D1-68C88513AE3F}.DebugLocal|Any CPU.ActiveCfg = Debug|Any CPU
		{372FCE99-3A59-4E42-A0D1-68C88513AE3F}.DebugLocal|Any CPU.Build.0 = Debug|Any CPU
		{372FCE99-3A59-4E42-A0D1-68C88513AE3F}.DebugLocal|Mixed Platforms.ActiveCfg = Debug|Any CPU
		{372FCE99-3A59-4E42-A0D1-68C88513AE3F}.DebugLocal|Mixed Platforms.Build.0 = Debug|Any CPU
		{372FCE99-3A59-4E42-A0D1-68C88513AE3F}.DebugLocal|x86.ActiveCfg = Debug|Any CPU
		{372FCE99-3A59-4E42-A0D1-68C88513AE3F}.Development|.NET.ActiveCfg = Debug|Any CPU
		{372FCE99-3A59-4E42-A0D1-68C88513AE3F}.Development|Any CPU.ActiveCfg = Debug|Any CPU
		{372FCE99-3A59-4E42-A0D1-68C88513AE3F}.Development|Any CPU.Build.0 = Debug|Any CPU
		{372FCE99-3A59-4E42-A0D1-68C88513AE3F}.Development|Mixed Platforms.ActiveCfg = Debug|Any CPU
		{372FCE99-3A59-4E42-A0D1-68C88513AE3F}.Development|Mixed Platforms.Build.0 = Debug|Any CPU
		{372FCE99-3A59-4E42-A0D1-68C88513AE3F}.Development|x86.ActiveCfg = Debug|Any CPU
		{372FCE99-3A59-4E42-A0D1-68C88513AE3F}.Release|.NET.ActiveCfg = Release|Any CPU
		{372FCE99-3A59-4E42-A0D1-68C88513AE3F}.Release|Any CPU.ActiveCfg = Release|Any CPU
		{372FCE99-3A59-4E42-A0D1-68C88513AE3F}.Release|Any CPU.Build.0 = Release|Any CPU
		{372FCE99-3A59-4E42-A0D1-68C88513AE3F}.Release|Mixed Platforms.ActiveCfg = Release|Any CPU
		{372FCE99-3A59-4E42-A0D1-68C88513AE3F}.Release|Mixed Platforms.Build.0 = Release|Any CPU
		{372FCE99-3A59-4E42-A0D1-68C88513AE3F}.Release|x86.ActiveCfg = Release|Any CPU
		{6DFF75C8-35F9-44C1-9778-714A92CA6120}.Debug|.NET.ActiveCfg = Debug|Any CPU
		{6DFF75C8-35F9-44C1-9778-714A92CA6120}.Debug|Any CPU.ActiveCfg = Debug|Any CPU
		{6DFF75C8-35F9-44C1-9778-714A92CA6120}.Debug|Any CPU.Build.0 = Debug|Any CPU
		{6DFF75C8-35F9-44C1-9778-714A92CA6120}.Debug|Mixed Platforms.ActiveCfg = Debug|Any CPU
		{6DFF75C8-35F9-44C1-9778-714A92CA6120}.Debug|Mixed Platforms.Build.0 = Debug|Any CPU
		{6DFF75C8-35F9-44C1-9778-714A92CA6120}.Debug|x86.ActiveCfg = Debug|Any CPU
		{6DFF75C8-35F9-44C1-9778-714A92CA6120}.DebugLocal|.NET.ActiveCfg = Debug|Any CPU
		{6DFF75C8-35F9-44C1-9778-714A92CA6120}.DebugLocal|Any CPU.ActiveCfg = Debug|Any CPU
		{6DFF75C8-35F9-44C1-9778-714A92CA6120}.DebugLocal|Any CPU.Build.0 = Debug|Any CPU
		{6DFF75C8-35F9-44C1-9778-714A92CA6120}.DebugLocal|Mixed Platforms.ActiveCfg = Debug|Any CPU
		{6DFF75C8-35F9-44C1-9778-714A92CA6120}.DebugLocal|Mixed Platforms.Build.0 = Debug|Any CPU
		{6DFF75C8-35F9-44C1-9778-714A92CA6120}.DebugLocal|x86.ActiveCfg = Debug|Any CPU
		{6DFF75C8-35F9-44C1-9778-714A92CA6120}.Development|.NET.ActiveCfg = Debug|Any CPU
		{6DFF75C8-35F9-44C1-9778-714A92CA6120}.Development|Any CPU.ActiveCfg = Debug|Any CPU
		{6DFF75C8-35F9-44C1-9778-714A92CA6120}.Development|Any CPU.Build.0 = Debug|Any CPU
		{6DFF75C8-35F9-44C1-9778-714A92CA6120}.Development|Mixed Platforms.ActiveCfg = Debug|Any CPU
		{6DFF75C8-35F9-44C1-9778-714A92CA6120}.Development|Mixed Platforms.Build.0 = Debug|Any CPU
		{6DFF75C8-35F9-44C1-9778-714A92CA6120}.Development|x86.ActiveCfg = Debug|Any CPU
		{6DFF75C8-35F9-44C1-9778-714A92CA6120}.Release|.NET.ActiveCfg = Release|Any CPU
		{6DFF75C8-35F9-44C1-9778-714A92CA6120}.Release|Any CPU.ActiveCfg = Release|Any CPU
		{6DFF75C8-35F9-44C1-9778-714A92CA6120}.Release|Any CPU.Build.0 = Release|Any CPU
		{6DFF75C8-35F9-44C1-9778-714A92CA6120}.Release|Mixed Platforms.ActiveCfg = Release|Any CPU
		{6DFF75C8-35F9-44C1-9778-714A92CA6120}.Release|Mixed Platforms.Build.0 = Release|Any CPU
		{6DFF75C8-35F9-44C1-9778-714A92CA6120}.Release|x86.ActiveCfg = Release|Any CPU
		{7E799E2F-4DFA-4892-B366-15F25868BAD2}.Debug|.NET.ActiveCfg = Debug|Any CPU
		{7E799E2F-4DFA-4892-B366-15F25868BAD2}.Debug|Any CPU.ActiveCfg = Debug|Any CPU
		{7E799E2F-4DFA-4892-B366-15F25868BAD2}.Debug|Any CPU.Build.0 = Debug|Any CPU
		{7E799E2F-4DFA-4892-B366-15F25868BAD2}.Debug|Mixed Platforms.ActiveCfg = Debug|Any CPU
		{7E799E2F-4DFA-4892-B366-15F25868BAD2}.Debug|Mixed Platforms.Build.0 = Debug|Any CPU
		{7E799E2F-4DFA-4892-B366-15F25868BAD2}.Debug|x86.ActiveCfg = Debug|Any CPU
		{7E799E2F-4DFA-4892-B366-15F25868BAD2}.DebugLocal|.NET.ActiveCfg = Debug|Any CPU
		{7E799E2F-4DFA-4892-B366-15F25868BAD2}.DebugLocal|Any CPU.ActiveCfg = Debug|Any CPU
		{7E799E2F-4DFA-4892-B366-15F25868BAD2}.DebugLocal|Any CPU.Build.0 = Debug|Any CPU
		{7E799E2F-4DFA-4892-B366-15F25868BAD2}.DebugLocal|Mixed Platforms.ActiveCfg = Debug|Any CPU
		{7E799E2F-4DFA-4892-B366-15F25868BAD2}.DebugLocal|Mixed Platforms.Build.0 = Debug|Any CPU
		{7E799E2F-4DFA-4892-B366-15F25868BAD2}.DebugLocal|x86.ActiveCfg = Debug|Any CPU
		{7E799E2F-4DFA-4892-B366-15F25868BAD2}.Development|.NET.ActiveCfg = Debug|Any CPU
		{7E799E2F-4DFA-4892-B366-15F25868BAD2}.Development|Any CPU.ActiveCfg = Debug|Any CPU
		{7E799E2F-4DFA-4892-B366-15F25868BAD2}.Development|Any CPU.Build.0 = Debug|Any CPU
		{7E799E2F-4DFA-4892-B366-15F25868BAD2}.Development|Mixed Platforms.ActiveCfg = Debug|Any CPU
		{7E799E2F-4DFA-4892-B366-15F25868BAD2}.Development|Mixed Platforms.Build.0 = Debug|Any CPU
		{7E799E2F-4DFA-4892-B366-15F25868BAD2}.Development|x86.ActiveCfg = Debug|Any CPU
		{7E799E2F-4DFA-4892-B366-15F25868BAD2}.Release|.NET.ActiveCfg = Release|Any CPU
		{7E799E2F-4DFA-4892-B366-15F25868BAD2}.Release|Any CPU.ActiveCfg = Release|Any CPU
		{7E799E2F-4DFA-4892-B366-15F25868BAD2}.Release|Any CPU.Build.0 = Release|Any CPU
		{7E799E2F-4DFA-4892-B366-15F25868BAD2}.Release|Mixed Platforms.ActiveCfg = Release|Any CPU
		{7E799E2F-4DFA-4892-B366-15F25868BAD2}.Release|Mixed Platforms.Build.0 = Release|Any CPU
		{7E799E2F-4DFA-4892-B366-15F25868BAD2}.Release|x86.ActiveCfg = Release|Any CPU
		{9EAEEA05-7AE2-4889-AC2E-15B3AEA8CF15}.Debug|.NET.ActiveCfg = Debug|Any CPU
		{9EAEEA05-7AE2-4889-AC2E-15B3AEA8CF15}.Debug|Any CPU.ActiveCfg = Debug|Any CPU
		{9EAEEA05-7AE2-4889-AC2E-15B3AEA8CF15}.Debug|Any CPU.Build.0 = Debug|Any CPU
		{9EAEEA05-7AE2-4889-AC2E-15B3AEA8CF15}.Debug|Mixed Platforms.ActiveCfg = Debug|Any CPU
		{9EAEEA05-7AE2-4889-AC2E-15B3AEA8CF15}.Debug|Mixed Platforms.Build.0 = Debug|Any CPU
		{9EAEEA05-7AE2-4889-AC2E-15B3AEA8CF15}.Debug|x86.ActiveCfg = Debug|Any CPU
		{9EAEEA05-7AE2-4889-AC2E-15B3AEA8CF15}.DebugLocal|.NET.ActiveCfg = Debug|Any CPU
		{9EAEEA05-7AE2-4889-AC2E-15B3AEA8CF15}.DebugLocal|Any CPU.ActiveCfg = Debug|Any CPU
		{9EAEEA05-7AE2-4889-AC2E-15B3AEA8CF15}.DebugLocal|Any CPU.Build.0 = Debug|Any CPU
		{9EAEEA05-7AE2-4889-AC2E-15B3AEA8CF15}.DebugLocal|Mixed Platforms.ActiveCfg = Debug|Any CPU
		{9EAEEA05-7AE2-4889-AC2E-15B3AEA8CF15}.DebugLocal|Mixed Platforms.Build.0 = Debug|Any CPU
		{9EAEEA05-7AE2-4889-AC2E-15B3AEA8CF15}.DebugLocal|x86.ActiveCfg = Debug|Any CPU
		{9EAEEA05-7AE2-4889-AC2E-15B3AEA8CF15}.Development|.NET.ActiveCfg = Debug|Any CPU
		{9EAEEA05-7AE2-4889-AC2E-15B3AEA8CF15}.Development|Any CPU.ActiveCfg = Debug|Any CPU
		{9EAEEA05-7AE2-4889-AC2E-15B3AEA8CF15}.Development|Any CPU.Build.0 = Debug|Any CPU
		{9EAEEA05-7AE2-4889-AC2E-15B3AEA8CF15}.Development|Mixed Platforms.ActiveCfg = Debug|Any CPU
		{9EAEEA05-7AE2-4889-AC2E-15B3AEA8CF15}.Development|Mixed Platforms.Build.0 = Debug|Any CPU
		{9EAEEA05-7AE2-4889-AC2E-15B3AEA8CF15}.Development|x86.ActiveCfg = Debug|Any CPU
		{9EAEEA05-7AE2-4889-AC2E-15B3AEA8CF15}.Release|.NET.ActiveCfg = Release|Any CPU
		{9EAEEA05-7AE2-4889-AC2E-15B3AEA8CF15}.Release|Any CPU.ActiveCfg = Release|Any CPU
		{9EAEEA05-7AE2-4889-AC2E-15B3AEA8CF15}.Release|Any CPU.Build.0 = Release|Any CPU
		{9EAEEA05-7AE2-4889-AC2E-15B3AEA8CF15}.Release|Mixed Platforms.ActiveCfg = Release|Any CPU
		{9EAEEA05-7AE2-4889-AC2E-15B3AEA8CF15}.Release|Mixed Platforms.Build.0 = Release|Any CPU
		{9EAEEA05-7AE2-4889-AC2E-15B3AEA8CF15}.Release|x86.ActiveCfg = Release|Any CPU
		{22424EFB-A82F-4B06-84BA-E2CFF7B1CADB}.Debug|.NET.ActiveCfg = Debug|Any CPU
		{22424EFB-A82F-4B06-84BA-E2CFF7B1CADB}.Debug|Any CPU.ActiveCfg = Debug|Any CPU
		{22424EFB-A82F-4B06-84BA-E2CFF7B1CADB}.Debug|Any CPU.Build.0 = Debug|Any CPU
		{22424EFB-A82F-4B06-84BA-E2CFF7B1CADB}.Debug|Mixed Platforms.ActiveCfg = Debug|Any CPU
		{22424EFB-A82F-4B06-84BA-E2CFF7B1CADB}.Debug|Mixed Platforms.Build.0 = Debug|Any CPU
		{22424EFB-A82F-4B06-84BA-E2CFF7B1CADB}.Debug|x86.ActiveCfg = Debug|Any CPU
		{22424EFB-A82F-4B06-84BA-E2CFF7B1CADB}.DebugLocal|.NET.ActiveCfg = Debug|Any CPU
		{22424EFB-A82F-4B06-84BA-E2CFF7B1CADB}.DebugLocal|Any CPU.ActiveCfg = Debug|Any CPU
		{22424EFB-A82F-4B06-84BA-E2CFF7B1CADB}.DebugLocal|Any CPU.Build.0 = Debug|Any CPU
		{22424EFB-A82F-4B06-84BA-E2CFF7B1CADB}.DebugLocal|Mixed Platforms.ActiveCfg = Debug|Any CPU
		{22424EFB-A82F-4B06-84BA-E2CFF7B1CADB}.DebugLocal|Mixed Platforms.Build.0 = Debug|Any CPU
		{22424EFB-A82F-4B06-84BA-E2CFF7B1CADB}.DebugLocal|x86.ActiveCfg = Debug|Any CPU
		{22424EFB-A82F-4B06-84BA-E2CFF7B1CADB}.Development|.NET.ActiveCfg = Debug|Any CPU
		{22424EFB-A82F-4B06-84BA-E2CFF7B1CADB}.Development|Any CPU.ActiveCfg = Debug|Any CPU
		{22424EFB-A82F-4B06-84BA-E2CFF7B1CADB}.Development|Any CPU.Build.0 = Debug|Any CPU
		{22424EFB-A82F-4B06-84BA-E2CFF7B1CADB}.Development|Mixed Platforms.ActiveCfg = Debug|Any CPU
		{22424EFB-A82F-4B06-84BA-E2CFF7B1CADB}.Development|Mixed Platforms.Build.0 = Debug|Any CPU
		{22424EFB-A82F-4B06-84BA-E2CFF7B1CADB}.Development|x86.ActiveCfg = Debug|Any CPU
		{22424EFB-A82F-4B06-84BA-E2CFF7B1CADB}.Release|.NET.ActiveCfg = Release|Any CPU
		{22424EFB-A82F-4B06-84BA-E2CFF7B1CADB}.Release|Any CPU.ActiveCfg = Release|Any CPU
		{22424EFB-A82F-4B06-84BA-E2CFF7B1CADB}.Release|Any CPU.Build.0 = Release|Any CPU
		{22424EFB-A82F-4B06-84BA-E2CFF7B1CADB}.Release|Mixed Platforms.ActiveCfg = Release|Any CPU
		{22424EFB-A82F-4B06-84BA-E2CFF7B1CADB}.Release|Mixed Platforms.Build.0 = Release|Any CPU
		{22424EFB-A82F-4B06-84BA-E2CFF7B1CADB}.Release|x86.ActiveCfg = Release|Any CPU
		{C75D5B73-8135-46EA-96AC-4C8FB3209000}.Debug|.NET.ActiveCfg = Debug|Any CPU
		{C75D5B73-8135-46EA-96AC-4C8FB3209000}.Debug|.NET.Build.0 = Debug|Any CPU
		{C75D5B73-8135-46EA-96AC-4C8FB3209000}.Debug|Any CPU.ActiveCfg = Debug|Any CPU
		{C75D5B73-8135-46EA-96AC-4C8FB3209000}.Debug|Any CPU.Build.0 = Debug|Any CPU
		{C75D5B73-8135-46EA-96AC-4C8FB3209000}.Debug|Mixed Platforms.ActiveCfg = Debug|Any CPU
		{C75D5B73-8135-46EA-96AC-4C8FB3209000}.Debug|Mixed Platforms.Build.0 = Debug|Any CPU
		{C75D5B73-8135-46EA-96AC-4C8FB3209000}.Debug|x86.ActiveCfg = Debug|Any CPU
		{C75D5B73-8135-46EA-96AC-4C8FB3209000}.Debug|x86.Build.0 = Debug|Any CPU
		{C75D5B73-8135-46EA-96AC-4C8FB3209000}.DebugLocal|.NET.ActiveCfg = Debug|Any CPU
		{C75D5B73-8135-46EA-96AC-4C8FB3209000}.DebugLocal|.NET.Build.0 = Debug|Any CPU
		{C75D5B73-8135-46EA-96AC-4C8FB3209000}.DebugLocal|Any CPU.ActiveCfg = Debug|Any CPU
		{C75D5B73-8135-46EA-96AC-4C8FB3209000}.DebugLocal|Any CPU.Build.0 = Debug|Any CPU
		{C75D5B73-8135-46EA-96AC-4C8FB3209000}.DebugLocal|Mixed Platforms.ActiveCfg = Debug|Any CPU
		{C75D5B73-8135-46EA-96AC-4C8FB3209000}.DebugLocal|Mixed Platforms.Build.0 = Debug|Any CPU
		{C75D5B73-8135-46EA-96AC-4C8FB3209000}.DebugLocal|x86.ActiveCfg = Debug|Any CPU
		{C75D5B73-8135-46EA-96AC-4C8FB3209000}.DebugLocal|x86.Build.0 = Debug|Any CPU
		{C75D5B73-8135-46EA-96AC-4C8FB3209000}.Development|.NET.ActiveCfg = Debug|Any CPU
		{C75D5B73-8135-46EA-96AC-4C8FB3209000}.Development|.NET.Build.0 = Debug|Any CPU
		{C75D5B73-8135-46EA-96AC-4C8FB3209000}.Development|Any CPU.ActiveCfg = Debug|Any CPU
		{C75D5B73-8135-46EA-96AC-4C8FB3209000}.Development|Any CPU.Build.0 = Debug|Any CPU
		{C75D5B73-8135-46EA-96AC-4C8FB3209000}.Development|Mixed Platforms.ActiveCfg = Debug|Any CPU
		{C75D5B73-8135-46EA-96AC-4C8FB3209000}.Development|Mixed Platforms.Build.0 = Debug|Any CPU
		{C75D5B73-8135-46EA-96AC-4C8FB3209000}.Development|x86.ActiveCfg = Debug|Any CPU
		{C75D5B73-8135-46EA-96AC-4C8FB3209000}.Development|x86.Build.0 = Debug|Any CPU
		{C75D5B73-8135-46EA-96AC-4C8FB3209000}.Release|.NET.ActiveCfg = Release|Any CPU
		{C75D5B73-8135-46EA-96AC-4C8FB3209000}.Release|.NET.Build.0 = Release|Any CPU
		{C75D5B73-8135-46EA-96AC-4C8FB3209000}.Release|Any CPU.ActiveCfg = Release|Any CPU
		{C75D5B73-8135-46EA-96AC-4C8FB3209000}.Release|Any CPU.Build.0 = Release|Any CPU
		{C75D5B73-8135-46EA-96AC-4C8FB3209000}.Release|Mixed Platforms.ActiveCfg = Release|Any CPU
		{C75D5B73-8135-46EA-96AC-4C8FB3209000}.Release|Mixed Platforms.Build.0 = Release|Any CPU
		{C75D5B73-8135-46EA-96AC-4C8FB3209000}.Release|x86.ActiveCfg = Release|Any CPU
		{C75D5B73-8135-46EA-96AC-4C8FB3209000}.Release|x86.Build.0 = Release|Any CPU
		{FE0F0F4F-699B-4B4C-9B19-0855BDC5D5B0}.Debug|.NET.ActiveCfg = Debug
		{FE0F0F4F-699B-4B4C-9B19-0855BDC5D5B0}.Debug|.NET.Build.0 = Debug
		{FE0F0F4F-699B-4B4C-9B19-0855BDC5D5B0}.Debug|.NET.Deploy.0 = Debug
		{FE0F0F4F-699B-4B4C-9B19-0855BDC5D5B0}.Debug|Any CPU.ActiveCfg = Debug
		{FE0F0F4F-699B-4B4C-9B19-0855BDC5D5B0}.Debug|Any CPU.Build.0 = Debug
		{FE0F0F4F-699B-4B4C-9B19-0855BDC5D5B0}.Debug|Any CPU.Deploy.0 = Debug
		{FE0F0F4F-699B-4B4C-9B19-0855BDC5D5B0}.Debug|Mixed Platforms.ActiveCfg = Debug
		{FE0F0F4F-699B-4B4C-9B19-0855BDC5D5B0}.Debug|Mixed Platforms.Build.0 = Debug
		{FE0F0F4F-699B-4B4C-9B19-0855BDC5D5B0}.Debug|Mixed Platforms.Deploy.0 = Debug
		{FE0F0F4F-699B-4B4C-9B19-0855BDC5D5B0}.Debug|x86.ActiveCfg = Debug
		{FE0F0F4F-699B-4B4C-9B19-0855BDC5D5B0}.Debug|x86.Build.0 = Debug
		{FE0F0F4F-699B-4B4C-9B19-0855BDC5D5B0}.Debug|x86.Deploy.0 = Debug
		{FE0F0F4F-699B-4B4C-9B19-0855BDC5D5B0}.DebugLocal|.NET.ActiveCfg = DebugLocal
		{FE0F0F4F-699B-4B4C-9B19-0855BDC5D5B0}.DebugLocal|.NET.Build.0 = DebugLocal
		{FE0F0F4F-699B-4B4C-9B19-0855BDC5D5B0}.DebugLocal|.NET.Deploy.0 = DebugLocal
		{FE0F0F4F-699B-4B4C-9B19-0855BDC5D5B0}.DebugLocal|Any CPU.ActiveCfg = DebugLocal
		{FE0F0F4F-699B-4B4C-9B19-0855BDC5D5B0}.DebugLocal|Any CPU.Build.0 = DebugLocal
		{FE0F0F4F-699B-4B4C-9B19-0855BDC5D5B0}.DebugLocal|Any CPU.Deploy.0 = DebugLocal
		{FE0F0F4F-699B-4B4C-9B19-0855BDC5D5B0}.DebugLocal|Mixed Platforms.ActiveCfg = DebugLocal
		{FE0F0F4F-699B-4B4C-9B19-0855BDC5D5B0}.DebugLocal|Mixed Platforms.Build.0 = DebugLocal
		{FE0F0F4F-699B-4B4C-9B19-0855BDC5D5B0}.DebugLocal|Mixed Platforms.Deploy.0 = DebugLocal
		{FE0F0F4F-699B-4B4C-9B19-0855BDC5D5B0}.DebugLocal|x86.ActiveCfg = DebugLocal
		{FE0F0F4F-699B-4B4C-9B19-0855BDC5D5B0}.DebugLocal|x86.Build.0 = DebugLocal
		{FE0F0F4F-699B-4B4C-9B19-0855BDC5D5B0}.DebugLocal|x86.Deploy.0 = DebugLocal
		{FE0F0F4F-699B-4B4C-9B19-0855BDC5D5B0}.Development|.NET.ActiveCfg = DebugLocal
		{FE0F0F4F-699B-4B4C-9B19-0855BDC5D5B0}.Development|.NET.Build.0 = DebugLocal
		{FE0F0F4F-699B-4B4C-9B19-0855BDC5D5B0}.Development|.NET.Deploy.0 = DebugLocal
		{FE0F0F4F-699B-4B4C-9B19-0855BDC5D5B0}.Development|Any CPU.ActiveCfg = DebugLocal
		{FE0F0F4F-699B-4B4C-9B19-0855BDC5D5B0}.Development|Any CPU.Build.0 = DebugLocal
		{FE0F0F4F-699B-4B4C-9B19-0855BDC5D5B0}.Development|Any CPU.Deploy.0 = DebugLocal
		{FE0F0F4F-699B-4B4C-9B19-0855BDC5D5B0}.Development|Mixed Platforms.ActiveCfg = DebugLocal
		{FE0F0F4F-699B-4B4C-9B19-0855BDC5D5B0}.Development|Mixed Platforms.Build.0 = DebugLocal
		{FE0F0F4F-699B-4B4C-9B19-0855BDC5D5B0}.Development|Mixed Platforms.Deploy.0 = DebugLocal
		{FE0F0F4F-699B-4B4C-9B19-0855BDC5D5B0}.Development|x86.ActiveCfg = DebugLocal
		{FE0F0F4F-699B-4B4C-9B19-0855BDC5D5B0}.Development|x86.Build.0 = DebugLocal
		{FE0F0F4F-699B-4B4C-9B19-0855BDC5D5B0}.Development|x86.Deploy.0 = DebugLocal
		{FE0F0F4F-699B-4B4C-9B19-0855BDC5D5B0}.Release|.NET.ActiveCfg = Release
		{FE0F0F4F-699B-4B4C-9B19-0855BDC5D5B0}.Release|.NET.Build.0 = Release
		{FE0F0F4F-699B-4B4C-9B19-0855BDC5D5B0}.Release|.NET.Deploy.0 = Release
		{FE0F0F4F-699B-4B4C-9B19-0855BDC5D5B0}.Release|Any CPU.ActiveCfg = Release
		{FE0F0F4F-699B-4B4C-9B19-0855BDC5D5B0}.Release|Any CPU.Build.0 = Release
		{FE0F0F4F-699B-4B4C-9B19-0855BDC5D5B0}.Release|Any CPU.Deploy.0 = Release
		{FE0F0F4F-699B-4B4C-9B19-0855BDC5D5B0}.Release|Mixed Platforms.ActiveCfg = Release
		{FE0F0F4F-699B-4B4C-9B19-0855BDC5D5B0}.Release|Mixed Platforms.Build.0 = Release
		{FE0F0F4F-699B-4B4C-9B19-0855BDC5D5B0}.Release|Mixed Platforms.Deploy.0 = Release
		{FE0F0F4F-699B-4B4C-9B19-0855BDC5D5B0}.Release|x86.ActiveCfg = Release
		{FE0F0F4F-699B-4B4C-9B19-0855BDC5D5B0}.Release|x86.Build.0 = Release
		{FE0F0F4F-699B-4B4C-9B19-0855BDC5D5B0}.Release|x86.Deploy.0 = Release
		{8953988E-7535-46CE-803C-1AEC6792336F}.Debug|.NET.ActiveCfg = Debug
		{8953988E-7535-46CE-803C-1AEC6792336F}.Debug|.NET.Build.0 = Debug
		{8953988E-7535-46CE-803C-1AEC6792336F}.Debug|.NET.Deploy.0 = Debug
		{8953988E-7535-46CE-803C-1AEC6792336F}.Debug|Any CPU.ActiveCfg = Debug
		{8953988E-7535-46CE-803C-1AEC6792336F}.Debug|Any CPU.Build.0 = Debug
		{8953988E-7535-46CE-803C-1AEC6792336F}.Debug|Any CPU.Deploy.0 = Debug
		{8953988E-7535-46CE-803C-1AEC6792336F}.Debug|Mixed Platforms.ActiveCfg = Debug
		{8953988E-7535-46CE-803C-1AEC6792336F}.Debug|Mixed Platforms.Build.0 = Debug
		{8953988E-7535-46CE-803C-1AEC6792336F}.Debug|Mixed Platforms.Deploy.0 = Debug
		{8953988E-7535-46CE-803C-1AEC6792336F}.Debug|x86.ActiveCfg = Debug
		{8953988E-7535-46CE-803C-1AEC6792336F}.Debug|x86.Build.0 = Debug
		{8953988E-7535-46CE-803C-1AEC6792336F}.Debug|x86.Deploy.0 = Debug
		{8953988E-7535-46CE-803C-1AEC6792336F}.DebugLocal|.NET.ActiveCfg = DebugLocal
		{8953988E-7535-46CE-803C-1AEC6792336F}.DebugLocal|.NET.Build.0 = DebugLocal
		{8953988E-7535-46CE-803C-1AEC6792336F}.DebugLocal|.NET.Deploy.0 = DebugLocal
		{8953988E-7535-46CE-803C-1AEC6792336F}.DebugLocal|Any CPU.ActiveCfg = DebugLocal
		{8953988E-7535-46CE-803C-1AEC6792336F}.DebugLocal|Any CPU.Build.0 = DebugLocal
		{8953988E-7535-46CE-803C-1AEC6792336F}.DebugLocal|Any CPU.Deploy.0 = DebugLocal
		{8953988E-7535-46CE-803C-1AEC6792336F}.DebugLocal|Mixed Platforms.ActiveCfg = DebugLocal
		{8953988E-7535-46CE-803C-1AEC6792336F}.DebugLocal|Mixed Platforms.Build.0 = DebugLocal
		{8953988E-7535-46CE-803C-1AEC6792336F}.DebugLocal|Mixed Platforms.Deploy.0 = DebugLocal
		{8953988E-7535-46CE-803C-1AEC6792336F}.DebugLocal|x86.ActiveCfg = DebugLocal
		{8953988E-7535-46CE-803C-1AEC6792336F}.DebugLocal|x86.Build.0 = DebugLocal
		{8953988E-7535-46CE-803C-1AEC6792336F}.DebugLocal|x86.Deploy.0 = DebugLocal
		{8953988E-7535-46CE-803C-1AEC6792336F}.Development|.NET.ActiveCfg = DebugLocal
		{8953988E-7535-46CE-803C-1AEC6792336F}.Development|.NET.Build.0 = DebugLocal
		{8953988E-7535-46CE-803C-1AEC6792336F}.Development|.NET.Deploy.0 = DebugLocal
		{8953988E-7535-46CE-803C-1AEC6792336F}.Development|Any CPU.ActiveCfg = DebugLocal
		{8953988E-7535-46CE-803C-1AEC6792336F}.Development|Any CPU.Build.0 = DebugLocal
		{8953988E-7535-46CE-803C-1AEC6792336F}.Development|Any CPU.Deploy.0 = DebugLocal
		{8953988E-7535-46CE-803C-1AEC6792336F}.Development|Mixed Platforms.ActiveCfg = DebugLocal
		{8953988E-7535-46CE-803C-1AEC6792336F}.Development|Mixed Platforms.Build.0 = DebugLocal
		{8953988E-7535-46CE-803C-1AEC6792336F}.Development|Mixed Platforms.Deploy.0 = DebugLocal
		{8953988E-7535-46CE-803C-1AEC6792336F}.Development|x86.ActiveCfg = DebugLocal
		{8953988E-7535-46CE-803C-1AEC6792336F}.Development|x86.Build.0 = DebugLocal
		{8953988E-7535-46CE-803C-1AEC6792336F}.Development|x86.Deploy.0 = DebugLocal
		{8953988E-7535-46CE-803C-1AEC6792336F}.Release|.NET.ActiveCfg = Release
		{8953988E-7535-46CE-803C-1AEC6792336F}.Release|.NET.Build.0 = Release
		{8953988E-7535-46CE-803C-1AEC6792336F}.Release|.NET.Deploy.0 = Release
		{8953988E-7535-46CE-803C-1AEC6792336F}.Release|Any CPU.ActiveCfg = Release
		{8953988E-7535-46CE-803C-1AEC6792336F}.Release|Any CPU.Build.0 = Release
		{8953988E-7535-46CE-803C-1AEC6792336F}.Release|Any CPU.Deploy.0 = Release
		{8953988E-7535-46CE-803C-1AEC6792336F}.Release|Mixed Platforms.ActiveCfg = Release
		{8953988E-7535-46CE-803C-1AEC6792336F}.Release|Mixed Platforms.Build.0 = Release
		{8953988E-7535-46CE-803C-1AEC6792336F}.Release|Mixed Platforms.Deploy.0 = Release
		{8953988E-7535-46CE-803C-1AEC6792336F}.Release|x86.ActiveCfg = Release
		{8953988E-7535-46CE-803C-1AEC6792336F}.Release|x86.Build.0 = Release
		{8953988E-7535-46CE-803C-1AEC6792336F}.Release|x86.Deploy.0 = Release
		{B85A4808-8AF6-43D2-B7AB-99B3A0EF76C3}.Debug|.NET.ActiveCfg = Debug|Any CPU
		{B85A4808-8AF6-43D2-B7AB-99B3A0EF76C3}.Debug|.NET.Build.0 = Debug|Any CPU
		{B85A4808-8AF6-43D2-B7AB-99B3A0EF76C3}.Debug|Any CPU.ActiveCfg = Debug|Any CPU
		{B85A4808-8AF6-43D2-B7AB-99B3A0EF76C3}.Debug|Any CPU.Build.0 = Debug|Any CPU
		{B85A4808-8AF6-43D2-B7AB-99B3A0EF76C3}.Debug|Mixed Platforms.ActiveCfg = Debug|Any CPU
		{B85A4808-8AF6-43D2-B7AB-99B3A0EF76C3}.Debug|Mixed Platforms.Build.0 = Debug|Any CPU
		{B85A4808-8AF6-43D2-B7AB-99B3A0EF76C3}.Debug|x86.ActiveCfg = Debug|Any CPU
		{B85A4808-8AF6-43D2-B7AB-99B3A0EF76C3}.Debug|x86.Build.0 = Debug|Any CPU
		{B85A4808-8AF6-43D2-B7AB-99B3A0EF76C3}.DebugLocal|.NET.ActiveCfg = Debug|Any CPU
		{B85A4808-8AF6-43D2-B7AB-99B3A0EF76C3}.DebugLocal|.NET.Build.0 = Debug|Any CPU
		{B85A4808-8AF6-43D2-B7AB-99B3A0EF76C3}.DebugLocal|Any CPU.ActiveCfg = Debug|Any CPU
		{B85A4808-8AF6-43D2-B7AB-99B3A0EF76C3}.DebugLocal|Any CPU.Build.0 = Debug|Any CPU
		{B85A4808-8AF6-43D2-B7AB-99B3A0EF76C3}.DebugLocal|Mixed Platforms.ActiveCfg = Debug|Any CPU
		{B85A4808-8AF6-43D2-B7AB-99B3A0EF76C3}.DebugLocal|Mixed Platforms.Build.0 = Debug|Any CPU
		{B85A4808-8AF6-43D2-B7AB-99B3A0EF76C3}.DebugLocal|x86.ActiveCfg = Debug|Any CPU
		{B85A4808-8AF6-43D2-B7AB-99B3A0EF76C3}.DebugLocal|x86.Build.0 = Debug|Any CPU
		{B85A4808-8AF6-43D2-B7AB-99B3A0EF76C3}.Development|.NET.ActiveCfg = Debug|Any CPU
		{B85A4808-8AF6-43D2-B7AB-99B3A0EF76C3}.Development|.NET.Build.0 = Debug|Any CPU
		{B85A4808-8AF6-43D2-B7AB-99B3A0EF76C3}.Development|Any CPU.ActiveCfg = Debug|Any CPU
		{B85A4808-8AF6-43D2-B7AB-99B3A0EF76C3}.Development|Any CPU.Build.0 = Debug|Any CPU
		{B85A4808-8AF6-43D2-B7AB-99B3A0EF76C3}.Development|Mixed Platforms.ActiveCfg = Debug|Any CPU
		{B85A4808-8AF6-43D2-B7AB-99B3A0EF76C3}.Development|Mixed Platforms.Build.0 = Debug|Any CPU
		{B85A4808-8AF6-43D2-B7AB-99B3A0EF76C3}.Development|x86.ActiveCfg = Debug|Any CPU
		{B85A4808-8AF6-43D2-B7AB-99B3A0EF76C3}.Development|x86.Build.0 = Debug|Any CPU
		{B85A4808-8AF6-43D2-B7AB-99B3A0EF76C3}.Release|.NET.ActiveCfg = Release|Any CPU
		{B85A4808-8AF6-43D2-B7AB-99B3A0EF76C3}.Release|.NET.Build.0 = Release|Any CPU
		{B85A4808-8AF6-43D2-B7AB-99B3A0EF76C3}.Release|Any CPU.ActiveCfg = Release|Any CPU
		{B85A4808-8AF6-43D2-B7AB-99B3A0EF76C3}.Release|Any CPU.Build.0 = Release|Any CPU
		{B85A4808-8AF6-43D2-B7AB-99B3A0EF76C3}.Release|Mixed Platforms.ActiveCfg = Release|Any CPU
		{B85A4808-8AF6-43D2-B7AB-99B3A0EF76C3}.Release|Mixed Platforms.Build.0 = Release|Any CPU
		{B85A4808-8AF6-43D2-B7AB-99B3A0EF76C3}.Release|x86.ActiveCfg = Release|Any CPU
		{B85A4808-8AF6-43D2-B7AB-99B3A0EF76C3}.Release|x86.Build.0 = Release|Any CPU
	EndGlobalSection
	GlobalSection(SolutionProperties) = preSolution
		HideSolutionNode = FALSE
	EndGlobalSection
	GlobalSection(ExtensibilityGlobals) = postSolution
		SolutionGuid = {D8186311-8178-40F6-BF51-6796F3A8202D}
	EndGlobalSection
	GlobalSection(TeamFoundationVersionControl) = preSolution
		SccNumberOfProjects = 12
		SccEnterpriseProvider = {4CA58AB2-18FA-4F8D-95D4-32DDF27D184C}
		SccTeamFoundationServer = http://tfsgit.mathematica.net:8080/tfs/is_source
		SccLocalPath0 = .
		SccProjectUniqueName1 = MPR.SMS.CaseManagement\\MPR.SMS.CaseManagement.vbproj
		SccProjectName1 = MPR.SMS.CaseManagement
		SccLocalPath1 = MPR.SMS.CaseManagement
		SccProjectUniqueName2 = MPR.SMS.Data\\MPR.SMS.Data.vbproj
		SccProjectName2 = MPR.SMS.Data
		SccLocalPath2 = MPR.SMS.Data
		SccProjectUniqueName3 = MPR.SMS.DataQuality\\MPR.SMS.DataQuality.vbproj
		SccProjectName3 = MPR.SMS.DataQuality
		SccLocalPath3 = MPR.SMS.DataQuality
		SccProjectUniqueName4 = MPR.SMS.FSM\\MPR.SMS.FSM.vbproj
		SccProjectName4 = MPR.SMS.FSM
		SccLocalPath4 = MPR.SMS.FSM
		SccProjectUniqueName5 = MPR.SMS.Locating\\MPR.SMS.Locating.vbproj
		SccProjectName5 = MPR.SMS.Locating
		SccLocalPath5 = MPR.SMS.Locating
		SccProjectUniqueName6 = MPR.SMS.UserControls\\MPR.SMS.UserControls.vbproj
		SccProjectName6 = MPR.SMS.UserControls
		SccLocalPath6 = MPR.SMS.UserControls
		SccProjectUniqueName7 = MPR.SMS\\MPR.SMS.vbproj
		SccProjectName7 = MPR.SMS
		SccLocalPath7 = MPR.SMS
		SccProjectUniqueName8 = StatusReconciler\\ConfirmitAPI.csproj
		SccProjectName8 = StatusReconciler
		SccLocalPath8 = StatusReconciler
		SccProjectUniqueName9 = MPR.SMS.SSRSDocuments\\MPR.SMS.SSRSDocuments.rptproj
		SccProjectName9 = MPR.SMS.SSRSDocuments
		SccLocalPath9 = MPR.SMS.SSRSDocuments
		SccProjectUniqueName10 = MPR.SMS.SSRSReports\\MPR.SMS.SSRSReports.rptproj
		SccProjectName10 = MPR.SMS.SSRSReports
		SccLocalPath10 = MPR.SMS.SSRSReports
		SccProjectUniqueName11 = MPR.SMS.MailMerge\\MPR.SMS.MailMerge.vbproj
		SccProjectName11 = MPR.SMS.MailMerge
		SccLocalPath11 = MPR.SMS.MailMerge
	EndGlobalSection
EndGlobal
